
Microsoft Visual Studio Solution File, Format Version 12.00
# Visual Studio Version 17
VisualStudioVersion = 17.6.33723.286
MinimumVisualStudioVersion = 10.0.40219.1
Project("{9A19103F-16F7-4668-BE54-9A1E7A4F7556}") = "GVS.Domain", "GVS.Domain\GVS.Domain.csproj", "{B352722E-452D-4DC6-AD2B-552F411DCF06}"
EndProject
Project("{9A19103F-16F7-4668-BE54-9A1E7A4F7556}") = "GVS.Persistence", "GVS.Persistence\GVS.Persistence.csproj", "{3AC42ED8-3564-47EA-B66B-C28E0301D636}"
EndProject
Project("{9A19103F-16F7-4668-BE54-9A1E7A4F7556}") = "GVS.Games.Api", "GVS.Games.Api\GVS.Games.Api.csproj", "{3270A413-9781-4EBF-B376-099FCA5B9366}"
EndProject
Project("{E53339B2-1760-4266-BCC7-CA923CBCF16C}") = "docker-compose", "docker-compose.dcproj", "{2033427B-80ED-42E6-AC82-A05FEEFEAA7F}"
EndProject
Project("{2150E333-8FDC-42A3-9474-1A3956D46DE8}") = "DataMining", "DataMining", "{5733A6B1-61A2-45AE-A56B-324C9711C10B}"
EndProject
Project("{9A19103F-16F7-4668-BE54-9A1E7A4F7556}") = "GVS.Application", "GVS.Application\GVS.Application.csproj", "{B2CD53BB-4471-4C13-97E8-E58120E77BB2}"
EndProject
Project("{9A19103F-16F7-4668-BE54-9A1E7A4F7556}") = "DataMining.Shared", "DataMining\DataMining.Shared\DataMining.Shared.csproj", "{EBD9E0F3-967D-48F3-8A6C-C1DE1589A300}"
EndProject
Project("{9A19103F-16F7-4668-BE54-9A1E7A4F7556}") = "DataMining.Robots", "DataMining\DataMining.Robots\DataMining.Robots.csproj", "{019047AF-0EEE-4D40-8C38-10F436977532}"
EndProject
Project("{9A19103F-16F7-4668-BE54-9A1E7A4F7556}") = "DataMining.App", "DataMining\DataMining.App\DataMining.App.csproj", "{FD397ACA-192B-4039-8A6D-66E5FC63B603}"
EndProject
Project("{9A19103F-16F7-4668-BE54-9A1E7A4F7556}") = "DataMining.Domain", "DataMining\DataMining.Domain\DataMining.Domain.csproj", "{5A34926C-EDC9-4428-BA49-907D2AA42E15}"
EndProject
Project("{9A19103F-16F7-4668-BE54-9A1E7A4F7556}") = "DataMining.Infrastructure", "DataMining\DataMining.Infrastructure\DataMining.Infrastructure.csproj", "{7241995D-E71C-49DE-B88C-4F98ACBFDDBD}"
EndProject
Global
	GlobalSection(SolutionConfigurationPlatforms) = preSolution
		Debug|Any CPU = Debug|Any CPU
		Release|Any CPU = Release|Any CPU
	EndGlobalSection
	GlobalSection(ProjectConfigurationPlatforms) = postSolution
		{B352722E-452D-4DC6-AD2B-552F411DCF06}.Debug|Any CPU.ActiveCfg = Debug|Any CPU
		{B352722E-452D-4DC6-AD2B-552F411DCF06}.Debug|Any CPU.Build.0 = Debug|Any CPU
		{B352722E-452D-4DC6-AD2B-552F411DCF06}.Release|Any CPU.ActiveCfg = Release|Any CPU
		{B352722E-452D-4DC6-AD2B-552F411DCF06}.Release|Any CPU.Build.0 = Release|Any CPU
		{3AC42ED8-3564-47EA-B66B-C28E0301D636}.Debug|Any CPU.ActiveCfg = Debug|Any CPU
		{3AC42ED8-3564-47EA-B66B-C28E0301D636}.Debug|Any CPU.Build.0 = Debug|Any CPU
		{3AC42ED8-3564-47EA-B66B-C28E0301D636}.Release|Any CPU.ActiveCfg = Release|Any CPU
		{3AC42ED8-3564-47EA-B66B-C28E0301D636}.Release|Any CPU.Build.0 = Release|Any CPU
		{3270A413-9781-4EBF-B376-099FCA5B9366}.Debug|Any CPU.ActiveCfg = Debug|Any CPU
		{3270A413-9781-4EBF-B376-099FCA5B9366}.Debug|Any CPU.Build.0 = Debug|Any CPU
		{3270A413-9781-4EBF-B376-099FCA5B9366}.Release|Any CPU.ActiveCfg = Release|Any CPU
		{3270A413-9781-4EBF-B376-099FCA5B9366}.Release|Any CPU.Build.0 = Release|Any CPU
		{2033427B-80ED-42E6-AC82-A05FEEFEAA7F}.Debug|Any CPU.ActiveCfg = Debug|Any CPU
		{2033427B-80ED-42E6-AC82-A05FEEFEAA7F}.Debug|Any CPU.Build.0 = Debug|Any CPU
		{2033427B-80ED-42E6-AC82-A05FEEFEAA7F}.Release|Any CPU.ActiveCfg = Release|Any CPU
		{2033427B-80ED-42E6-AC82-A05FEEFEAA7F}.Release|Any CPU.Build.0 = Release|Any CPU
		{B2CD53BB-4471-4C13-97E8-E58120E77BB2}.Debug|Any CPU.ActiveCfg = Debug|Any CPU
		{B2CD53BB-4471-4C13-97E8-E58120E77BB2}.Debug|Any CPU.Build.0 = Debug|Any CPU
		{B2CD53BB-4471-4C13-97E8-E58120E77BB2}.Release|Any CPU.ActiveCfg = Release|Any CPU
		{B2CD53BB-4471-4C13-97E8-E58120E77BB2}.Release|Any CPU.Build.0 = Release|Any CPU
		{EBD9E0F3-967D-48F3-8A6C-C1DE1589A300}.Debug|Any CPU.ActiveCfg = Debug|Any CPU
		{EBD9E0F3-967D-48F3-8A6C-C1DE1589A300}.Debug|Any CPU.Build.0 = Debug|Any CPU
		{EBD9E0F3-967D-48F3-8A6C-C1DE1589A300}.Release|Any CPU.ActiveCfg = Release|Any CPU
		{EBD9E0F3-967D-48F3-8A6C-C1DE1589A300}.Release|Any CPU.Build.0 = Release|Any CPU
		{019047AF-0EEE-4D40-8C38-10F436977532}.Debug|Any CPU.ActiveCfg = Debug|Any CPU
		{019047AF-0EEE-4D40-8C38-10F436977532}.Debug|Any CPU.Build.0 = Debug|Any CPU
		{019047AF-0EEE-4D40-8C38-10F436977532}.Release|Any CPU.ActiveCfg = Release|Any CPU
		{019047AF-0EEE-4D40-8C38-10F436977532}.Release|Any CPU.Build.0 = Release|Any CPU
		{FD397ACA-192B-4039-8A6D-66E5FC63B603}.Debug|Any CPU.ActiveCfg = Debug|Any CPU
		{FD397ACA-192B-4039-8A6D-66E5FC63B603}.Debug|Any CPU.Build.0 = Debug|Any CPU
		{FD397ACA-192B-4039-8A6D-66E5FC63B603}.Release|Any CPU.ActiveCfg = Release|Any CPU
		{FD397ACA-192B-4039-8A6D-66E5FC63B603}.Release|Any CPU.Build.0 = Release|Any CPU
		{5A34926C-EDC9-4428-BA49-907D2AA42E15}.Debug|Any CPU.ActiveCfg = Debug|Any CPU
		{5A34926C-EDC9-4428-BA49-907D2AA42E15}.Debug|Any CPU.Build.0 = Debug|Any CPU
		{5A34926C-EDC9-4428-BA49-907D2AA42E15}.Release|Any CPU.ActiveCfg = Release|Any CPU
		{5A34926C-EDC9-4428-BA49-907D2AA42E15}.Release|Any CPU.Build.0 = Release|Any CPU
		{7241995D-E71C-49DE-B88C-4F98ACBFDDBD}.Debug|Any CPU.ActiveCfg = Debug|Any CPU
		{7241995D-E71C-49DE-B88C-4F98ACBFDDBD}.Debug|Any CPU.Build.0 = Debug|Any CPU
		{7241995D-E71C-49DE-B88C-4F98ACBFDDBD}.Release|Any CPU.ActiveCfg = Release|Any CPU
		{7241995D-E71C-49DE-B88C-4F98ACBFDDBD}.Release|Any CPU.Build.0 = Release|Any CPU
	EndGlobalSection
	GlobalSection(SolutionProperties) = preSolution
		HideSolutionNode = FALSE
	EndGlobalSection
	GlobalSection(NestedProjects) = preSolution
		{EBD9E0F3-967D-48F3-8A6C-C1DE1589A300} = {5733A6B1-61A2-45AE-A56B-324C9711C10B}
		{019047AF-0EEE-4D40-8C38-10F436977532} = {5733A6B1-61A2-45AE-A56B-324C9711C10B}
		{FD397ACA-192B-4039-8A6D-66E5FC63B603} = {5733A6B1-61A2-45AE-A56B-324C9711C10B}
		{5A34926C-EDC9-4428-BA49-907D2AA42E15} = {5733A6B1-61A2-45AE-A56B-324C9711C10B}
		{7241995D-E71C-49DE-B88C-4F98ACBFDDBD} = {5733A6B1-61A2-45AE-A56B-324C9711C10B}
	EndGlobalSection
	GlobalSection(ExtensibilityGlobals) = postSolution
		SolutionGuid = {372B23B8-B04B-45A5-9C43-9D6D3D92D458}
	EndGlobalSection
EndGlobal
